// !$*UTF8*$!
{
	archiveVersion = 1;
	classes = {
	};
	objectVersion = 46;
	objects = {

/* Begin PBXBuildFile section */
		2F3C9B7A1CB1FF4300E1A688 /* Lato-Hairline.ttf in Resources */ = {isa = PBXBuildFile; fileRef = 2F3C9B791CB1FF4300E1A688 /* Lato-Hairline.ttf */; };
		2F685B341C9795BB009F04E2 /* AudioToolbox.framework in Frameworks */ = {isa = PBXBuildFile; fileRef = 2F685B331C9795BB009F04E2 /* AudioToolbox.framework */; };
		2FCCEEA51C94ED4900532E24 /* AppDelegate.swift in Sources */ = {isa = PBXBuildFile; fileRef = 2FCCEEA41C94ED4900532E24 /* AppDelegate.swift */; };
		2FCCEEA71C94ED4900532E24 /* ViewController.swift in Sources */ = {isa = PBXBuildFile; fileRef = 2FCCEEA61C94ED4900532E24 /* ViewController.swift */; };
		2FCCEEAA1C94ED4900532E24 /* Main.storyboard in Resources */ = {isa = PBXBuildFile; fileRef = 2FCCEEA81C94ED4900532E24 /* Main.storyboard */; };
		2FCCEEAC1C94ED4900532E24 /* Assets.xcassets in Resources */ = {isa = PBXBuildFile; fileRef = 2FCCEEAB1C94ED4900532E24 /* Assets.xcassets */; };
		2FCCEEAF1C94ED4900532E24 /* LaunchScreen.storyboard in Resources */ = {isa = PBXBuildFile; fileRef = 2FCCEEAD1C94ED4900532E24 /* LaunchScreen.storyboard */; };
		2FCCEEBA1C94ED4900532E24 /* EmbarrassmentAlarmClockTests.swift in Sources */ = {isa = PBXBuildFile; fileRef = 2FCCEEB91C94ED4900532E24 /* EmbarrassmentAlarmClockTests.swift */; };
		2FCCEEC51C94EE3200532E24 /* FBSDKCoreKit.framework in Frameworks */ = {isa = PBXBuildFile; fileRef = 2FCCEEC41C94EE3200532E24 /* FBSDKCoreKit.framework */; };
		2FCCEECB1C95006800532E24 /* FBSDKLoginKit.framework in Frameworks */ = {isa = PBXBuildFile; fileRef = 2FCCEECA1C95006800532E24 /* FBSDKLoginKit.framework */; };
		2FD62EE31C9CE32100EB7D1E /* FBSDKShareKit.framework in Frameworks */ = {isa = PBXBuildFile; fileRef = 2FD62EE21C9CE32100EB7D1E /* FBSDKShareKit.framework */; };
		2FD62EE51C9DD4FD00EB7D1E /* Social.framework in Frameworks */ = {isa = PBXBuildFile; fileRef = 2FD62EE41C9DD4FD00EB7D1E /* Social.framework */; };
		2FD62EE71C9DF0A800EB7D1E /* EACCommon.swift in Sources */ = {isa = PBXBuildFile; fileRef = 2FD62EE61C9DF0A800EB7D1E /* EACCommon.swift */; };
		2FD62EE91C9DF6F100EB7D1E /* EACChildViewControllerDelegate.swift in Sources */ = {isa = PBXBuildFile; fileRef = 2FD62EE81C9DF6F100EB7D1E /* EACChildViewControllerDelegate.swift */; };
		2FD62EEB1C9DF74A00EB7D1E /* EACLoginViewController.swift in Sources */ = {isa = PBXBuildFile; fileRef = 2FD62EEA1C9DF74A00EB7D1E /* EACLoginViewController.swift */; };
		2FD62EED1C9DF78600EB7D1E /* EACStartAlarmViewController.swift in Sources */ = {isa = PBXBuildFile; fileRef = 2FD62EEC1C9DF78600EB7D1E /* EACStartAlarmViewController.swift */; };
		2FD62EEF1C9DF7BA00EB7D1E /* EACSetAlarmViewController.swift in Sources */ = {isa = PBXBuildFile; fileRef = 2FD62EEE1C9DF7BA00EB7D1E /* EACSetAlarmViewController.swift */; };
		2FD62EF11C9E040500EB7D1E /* EACActiveAlarmViewController.swift in Sources */ = {isa = PBXBuildFile; fileRef = 2FD62EF01C9E040500EB7D1E /* EACActiveAlarmViewController.swift */; };
		2FD62EF31C9E04A500EB7D1E /* EACAlarmManager.swift in Sources */ = {isa = PBXBuildFile; fileRef = 2FD62EF21C9E04A500EB7D1E /* EACAlarmManager.swift */; };
		2FD62EF51C9E050000EB7D1E /* EACCircleAnimatorManager.swift in Sources */ = {isa = PBXBuildFile; fileRef = 2FD62EF41C9E050000EB7D1E /* EACCircleAnimatorManager.swift */; };
		2FD62EF71C9E054100EB7D1E /* EACContextTransitioning.swift in Sources */ = {isa = PBXBuildFile; fileRef = 2FD62EF61C9E054100EB7D1E /* EACContextTransitioning.swift */; };
		2FD62EF91C9E059D00EB7D1E /* EACCircleAnimator.swift in Sources */ = {isa = PBXBuildFile; fileRef = 2FD62EF81C9E059D00EB7D1E /* EACCircleAnimator.swift */; };
		2FD62EFB1C9E05F400EB7D1E /* EACAudioManager.swift in Sources */ = {isa = PBXBuildFile; fileRef = 2FD62EFA1C9E05F400EB7D1E /* EACAudioManager.swift */; };
		2FD62EFD1C9E064800EB7D1E /* EACPostFacebookViewController.swift in Sources */ = {isa = PBXBuildFile; fileRef = 2FD62EFC1C9E064800EB7D1E /* EACPostFacebookViewController.swift */; };
/* End PBXBuildFile section */

/* Begin PBXContainerItemProxy section */
		2FCCEEB61C94ED4900532E24 /* PBXContainerItemProxy */ = {
			isa = PBXContainerItemProxy;
			containerPortal = 2FCCEE991C94ED4900532E24 /* Project object */;
			proxyType = 1;
			remoteGlobalIDString = 2FCCEEA01C94ED4900532E24;
			remoteInfo = EmbarrassmentAlarmClock;
		};
/* End PBXContainerItemProxy section */

/* Begin PBXFileReference section */
		2F3C9B791CB1FF4300E1A688 /* Lato-Hairline.ttf */ = {isa = PBXFileReference; lastKnownFileType = file; name = "Lato-Hairline.ttf"; path = "../../../Downloads/Lato_Hairline/Lato-Hairline.ttf"; sourceTree = "<group>"; };
		2F685B331C9795BB009F04E2 /* AudioToolbox.framework */ = {isa = PBXFileReference; lastKnownFileType = wrapper.framework; name = AudioToolbox.framework; path = System/Library/Frameworks/AudioToolbox.framework; sourceTree = SDKROOT; };
		2FCCEEA11C94ED4900532E24 /* WTFU.app */ = {isa = PBXFileReference; explicitFileType = wrapper.application; includeInIndex = 0; path = WTFU.app; sourceTree = BUILT_PRODUCTS_DIR; };
		2FCCEEA41C94ED4900532E24 /* AppDelegate.swift */ = {isa = PBXFileReference; lastKnownFileType = sourcecode.swift; path = AppDelegate.swift; sourceTree = "<group>"; };
		2FCCEEA61C94ED4900532E24 /* ViewController.swift */ = {isa = PBXFileReference; lastKnownFileType = sourcecode.swift; path = ViewController.swift; sourceTree = "<group>"; };
		2FCCEEA91C94ED4900532E24 /* Base */ = {isa = PBXFileReference; lastKnownFileType = file.storyboard; name = Base; path = Base.lproj/Main.storyboard; sourceTree = "<group>"; };
		2FCCEEAB1C94ED4900532E24 /* Assets.xcassets */ = {isa = PBXFileReference; lastKnownFileType = folder.assetcatalog; path = Assets.xcassets; sourceTree = "<group>"; };
		2FCCEEAE1C94ED4900532E24 /* Base */ = {isa = PBXFileReference; lastKnownFileType = file.storyboard; name = Base; path = Base.lproj/LaunchScreen.storyboard; sourceTree = "<group>"; };
		2FCCEEB01C94ED4900532E24 /* Info.plist */ = {isa = PBXFileReference; lastKnownFileType = text.plist.xml; path = Info.plist; sourceTree = "<group>"; };
		2FCCEEB51C94ED4900532E24 /* EmbarrassmentAlarmClockTests.xctest */ = {isa = PBXFileReference; explicitFileType = wrapper.cfbundle; includeInIndex = 0; path = EmbarrassmentAlarmClockTests.xctest; sourceTree = BUILT_PRODUCTS_DIR; };
		2FCCEEB91C94ED4900532E24 /* EmbarrassmentAlarmClockTests.swift */ = {isa = PBXFileReference; lastKnownFileType = sourcecode.swift; path = EmbarrassmentAlarmClockTests.swift; sourceTree = "<group>"; };
		2FCCEEBB1C94ED4900532E24 /* Info.plist */ = {isa = PBXFileReference; lastKnownFileType = text.plist.xml; path = Info.plist; sourceTree = "<group>"; };
		2FCCEEC41C94EE3200532E24 /* FBSDKCoreKit.framework */ = {isa = PBXFileReference; lastKnownFileType = wrapper.framework; name = FBSDKCoreKit.framework; path = "../FacebookSDKs-iOS-20160210/FBSDKCoreKit.framework"; sourceTree = "<group>"; };
		2FCCEEC81C94F0BF00532E24 /* EmbarrassmentAlarmClock-Bridging-Header.h */ = {isa = PBXFileReference; lastKnownFileType = sourcecode.c.h; path = "EmbarrassmentAlarmClock-Bridging-Header.h"; sourceTree = "<group>"; };
		2FCCEECA1C95006800532E24 /* FBSDKLoginKit.framework */ = {isa = PBXFileReference; lastKnownFileType = wrapper.framework; name = FBSDKLoginKit.framework; path = ../FacebookSDK/FBSDKLoginKit.framework; sourceTree = "<group>"; };
		2FD62EE21C9CE32100EB7D1E /* FBSDKShareKit.framework */ = {isa = PBXFileReference; lastKnownFileType = wrapper.framework; name = FBSDKShareKit.framework; path = ../FacebookSDK/FBSDKShareKit.framework; sourceTree = "<group>"; };
		2FD62EE41C9DD4FD00EB7D1E /* Social.framework */ = {isa = PBXFileReference; lastKnownFileType = wrapper.framework; name = Social.framework; path = System/Library/Frameworks/Social.framework; sourceTree = SDKROOT; };
		2FD62EE61C9DF0A800EB7D1E /* EACCommon.swift */ = {isa = PBXFileReference; fileEncoding = 4; lastKnownFileType = sourcecode.swift; path = EACCommon.swift; sourceTree = "<group>"; };
		2FD62EE81C9DF6F100EB7D1E /* EACChildViewControllerDelegate.swift */ = {isa = PBXFileReference; fileEncoding = 4; lastKnownFileType = sourcecode.swift; path = EACChildViewControllerDelegate.swift; sourceTree = "<group>"; };
		2FD62EEA1C9DF74A00EB7D1E /* EACLoginViewController.swift */ = {isa = PBXFileReference; fileEncoding = 4; lastKnownFileType = sourcecode.swift; path = EACLoginViewController.swift; sourceTree = "<group>"; };
		2FD62EEC1C9DF78600EB7D1E /* EACStartAlarmViewController.swift */ = {isa = PBXFileReference; fileEncoding = 4; lastKnownFileType = sourcecode.swift; path = EACStartAlarmViewController.swift; sourceTree = "<group>"; };
		2FD62EEE1C9DF7BA00EB7D1E /* EACSetAlarmViewController.swift */ = {isa = PBXFileReference; fileEncoding = 4; lastKnownFileType = sourcecode.swift; path = EACSetAlarmViewController.swift; sourceTree = "<group>"; };
		2FD62EF01C9E040500EB7D1E /* EACActiveAlarmViewController.swift */ = {isa = PBXFileReference; fileEncoding = 4; lastKnownFileType = sourcecode.swift; path = EACActiveAlarmViewController.swift; sourceTree = "<group>"; };
		2FD62EF21C9E04A500EB7D1E /* EACAlarmManager.swift */ = {isa = PBXFileReference; fileEncoding = 4; lastKnownFileType = sourcecode.swift; path = EACAlarmManager.swift; sourceTree = "<group>"; };
		2FD62EF41C9E050000EB7D1E /* EACCircleAnimatorManager.swift */ = {isa = PBXFileReference; fileEncoding = 4; lastKnownFileType = sourcecode.swift; path = EACCircleAnimatorManager.swift; sourceTree = "<group>"; };
		2FD62EF61C9E054100EB7D1E /* EACContextTransitioning.swift */ = {isa = PBXFileReference; fileEncoding = 4; lastKnownFileType = sourcecode.swift; path = EACContextTransitioning.swift; sourceTree = "<group>"; };
		2FD62EF81C9E059D00EB7D1E /* EACCircleAnimator.swift */ = {isa = PBXFileReference; fileEncoding = 4; lastKnownFileType = sourcecode.swift; path = EACCircleAnimator.swift; sourceTree = "<group>"; };
		2FD62EFA1C9E05F400EB7D1E /* EACAudioManager.swift */ = {isa = PBXFileReference; fileEncoding = 4; lastKnownFileType = sourcecode.swift; path = EACAudioManager.swift; sourceTree = "<group>"; };
		2FD62EFC1C9E064800EB7D1E /* EACPostFacebookViewController.swift */ = {isa = PBXFileReference; fileEncoding = 4; lastKnownFileType = sourcecode.swift; path = EACPostFacebookViewController.swift; sourceTree = "<group>"; };
/* End PBXFileReference section */

/* Begin PBXFrameworksBuildPhase section */
		2FCCEE9E1C94ED4900532E24 /* Frameworks */ = {
			isa = PBXFrameworksBuildPhase;
			buildActionMask = 2147483647;
			files = (
				2FD62EE51C9DD4FD00EB7D1E /* Social.framework in Frameworks */,
				2FD62EE31C9CE32100EB7D1E /* FBSDKShareKit.framework in Frameworks */,
				2F685B341C9795BB009F04E2 /* AudioToolbox.framework in Frameworks */,
				2FCCEECB1C95006800532E24 /* FBSDKLoginKit.framework in Frameworks */,
				2FCCEEC51C94EE3200532E24 /* FBSDKCoreKit.framework in Frameworks */,
			);
			runOnlyForDeploymentPostprocessing = 0;
		};
		2FCCEEB21C94ED4900532E24 /* Frameworks */ = {
			isa = PBXFrameworksBuildPhase;
			buildActionMask = 2147483647;
			files = (
			);
			runOnlyForDeploymentPostprocessing = 0;
		};
/* End PBXFrameworksBuildPhase section */

/* Begin PBXGroup section */
		2FCCEE981C94ED4900532E24 = {
			isa = PBXGroup;
			children = (
				2FD62EE41C9DD4FD00EB7D1E /* Social.framework */,
				2FD62EE21C9CE32100EB7D1E /* FBSDKShareKit.framework */,
				2F685B331C9795BB009F04E2 /* AudioToolbox.framework */,
				2FCCEEC41C94EE3200532E24 /* FBSDKCoreKit.framework */,
				2FCCEECA1C95006800532E24 /* FBSDKLoginKit.framework */,
				2FCCEEA31C94ED4900532E24 /* EmbarrassmentAlarmClock */,
				2FCCEEB81C94ED4900532E24 /* EmbarrassmentAlarmClockTests */,
				2FCCEEA21C94ED4900532E24 /* Products */,
			);
			sourceTree = "<group>";
		};
		2FCCEEA21C94ED4900532E24 /* Products */ = {
			isa = PBXGroup;
			children = (
				2FCCEEA11C94ED4900532E24 /* WTFU.app */,
				2FCCEEB51C94ED4900532E24 /* EmbarrassmentAlarmClockTests.xctest */,
			);
			name = Products;
			sourceTree = "<group>";
		};
		2FCCEEA31C94ED4900532E24 /* EmbarrassmentAlarmClock */ = {
			isa = PBXGroup;
			children = (
				2FCCEEA41C94ED4900532E24 /* AppDelegate.swift */,
				2FCCEEA61C94ED4900532E24 /* ViewController.swift */,
				2FD62EFA1C9E05F400EB7D1E /* EACAudioManager.swift */,
				2FD62EF81C9E059D00EB7D1E /* EACCircleAnimator.swift */,
				2FD62EF61C9E054100EB7D1E /* EACContextTransitioning.swift */,
				2FD62EF41C9E050000EB7D1E /* EACCircleAnimatorManager.swift */,
				2FD62EF21C9E04A500EB7D1E /* EACAlarmManager.swift */,
				2FD62EF01C9E040500EB7D1E /* EACActiveAlarmViewController.swift */,
				2FD62EEE1C9DF7BA00EB7D1E /* EACSetAlarmViewController.swift */,
				2FD62EEC1C9DF78600EB7D1E /* EACStartAlarmViewController.swift */,
				2FD62EEA1C9DF74A00EB7D1E /* EACLoginViewController.swift */,
				2FD62EE81C9DF6F100EB7D1E /* EACChildViewControllerDelegate.swift */,
				2FD62EE61C9DF0A800EB7D1E /* EACCommon.swift */,
				2FCCEEC91C94FD6C00532E24 /* Networking */,
				2FCCEEA81C94ED4900532E24 /* Main.storyboard */,
				2FCCEEAB1C94ED4900532E24 /* Assets.xcassets */,
				2FCCEEAD1C94ED4900532E24 /* LaunchScreen.storyboard */,
				2FCCEEB01C94ED4900532E24 /* Info.plist */,
				2FCCEEC81C94F0BF00532E24 /* EmbarrassmentAlarmClock-Bridging-Header.h */,
				2F3C9B791CB1FF4300E1A688 /* Lato-Hairline.ttf */,
			);
			path = EmbarrassmentAlarmClock;
			sourceTree = "<group>";
		};
		2FCCEEB81C94ED4900532E24 /* EmbarrassmentAlarmClockTests */ = {
			isa = PBXGroup;
			children = (
				2FCCEEB91C94ED4900532E24 /* EmbarrassmentAlarmClockTests.swift */,
				2FCCEEBB1C94ED4900532E24 /* Info.plist */,
			);
			path = EmbarrassmentAlarmClockTests;
			sourceTree = "<group>";
		};
		2FCCEEC91C94FD6C00532E24 /* Networking */ = {
			isa = PBXGroup;
			children = (
				2FD62EFC1C9E064800EB7D1E /* EACPostFacebookViewController.swift */,
			);
			name = Networking;
			sourceTree = "<group>";
		};
/* End PBXGroup section */

/* Begin PBXNativeTarget section */
		2FCCEEA01C94ED4900532E24 /* WTFU */ = {
			isa = PBXNativeTarget;
			buildConfigurationList = 2FCCEEBE1C94ED4900532E24 /* Build configuration list for PBXNativeTarget "WTFU" */;
			buildPhases = (
				2FCCEE9D1C94ED4900532E24 /* Sources */,
				2FCCEE9E1C94ED4900532E24 /* Frameworks */,
				2FCCEE9F1C94ED4900532E24 /* Resources */,
				2F3C9B781CB1F24C00E1A688 /* Run Script Auto-build-increment */,
			);
			buildRules = (
			);
			dependencies = (
			);
			name = WTFU;
			productName = EmbarrassmentAlarmClock;
			productReference = 2FCCEEA11C94ED4900532E24 /* WTFU.app */;
			productType = "com.apple.product-type.application";
		};
		2FCCEEB41C94ED4900532E24 /* EmbarrassmentAlarmClockTests */ = {
			isa = PBXNativeTarget;
			buildConfigurationList = 2FCCEEC11C94ED4900532E24 /* Build configuration list for PBXNativeTarget "EmbarrassmentAlarmClockTests" */;
			buildPhases = (
				2FCCEEB11C94ED4900532E24 /* Sources */,
				2FCCEEB21C94ED4900532E24 /* Frameworks */,
				2FCCEEB31C94ED4900532E24 /* Resources */,
			);
			buildRules = (
			);
			dependencies = (
				2FCCEEB71C94ED4900532E24 /* PBXTargetDependency */,
			);
			name = EmbarrassmentAlarmClockTests;
			productName = EmbarrassmentAlarmClockTests;
			productReference = 2FCCEEB51C94ED4900532E24 /* EmbarrassmentAlarmClockTests.xctest */;
			productType = "com.apple.product-type.bundle.unit-test";
		};
/* End PBXNativeTarget section */

/* Begin PBXProject section */
		2FCCEE991C94ED4900532E24 /* Project object */ = {
			isa = PBXProject;
			attributes = {
				LastSwiftUpdateCheck = 0720;
				LastUpgradeCheck = 0720;
				ORGANIZATIONNAME = "Derrick  Ho";
				TargetAttributes = {
					2FCCEEA01C94ED4900532E24 = {
						CreatedOnToolsVersion = 7.2.1;
					};
					2FCCEEB41C94ED4900532E24 = {
						CreatedOnToolsVersion = 7.2.1;
						TestTargetID = 2FCCEEA01C94ED4900532E24;
					};
				};
			};
			buildConfigurationList = 2FCCEE9C1C94ED4900532E24 /* Build configuration list for PBXProject "EmbarrassmentAlarmClock" */;
			compatibilityVersion = "Xcode 3.2";
			developmentRegion = English;
			hasScannedForEncodings = 0;
			knownRegions = (
				en,
				Base,
			);
			mainGroup = 2FCCEE981C94ED4900532E24;
			productRefGroup = 2FCCEEA21C94ED4900532E24 /* Products */;
			projectDirPath = "";
			projectRoot = "";
			targets = (
				2FCCEEA01C94ED4900532E24 /* WTFU */,
				2FCCEEB41C94ED4900532E24 /* EmbarrassmentAlarmClockTests */,
			);
		};
/* End PBXProject section */

/* Begin PBXResourcesBuildPhase section */
		2FCCEE9F1C94ED4900532E24 /* Resources */ = {
			isa = PBXResourcesBuildPhase;
			buildActionMask = 2147483647;
			files = (
				2FCCEEAF1C94ED4900532E24 /* LaunchScreen.storyboard in Resources */,
				2FCCEEAC1C94ED4900532E24 /* Assets.xcassets in Resources */,
				2F3C9B7A1CB1FF4300E1A688 /* Lato-Hairline.ttf in Resources */,
				2FCCEEAA1C94ED4900532E24 /* Main.storyboard in Resources */,
			);
			runOnlyForDeploymentPostprocessing = 0;
		};
		2FCCEEB31C94ED4900532E24 /* Resources */ = {
			isa = PBXResourcesBuildPhase;
			buildActionMask = 2147483647;
			files = (
			);
			runOnlyForDeploymentPostprocessing = 0;
		};
/* End PBXResourcesBuildPhase section */

/* Begin PBXShellScriptBuildPhase section */
		2F3C9B781CB1F24C00E1A688 /* Run Script Auto-build-increment */ = {
			isa = PBXShellScriptBuildPhase;
			buildActionMask = 2147483647;
			files = (
			);
			inputPaths = (
			);
			name = "Run Script Auto-build-increment";
			outputPaths = (
			);
			runOnlyForDeploymentPostprocessing = 0;
			shellPath = /bin/sh;
			shellScript = "# Set the build number to the count of Git commits\nbuildNumber=$(git rev-list HEAD | wc -l | tr -d ' ')\n/usr/libexec/PlistBuddy -c \"Set :CFBundleVersion $buildNumber\" \"${PROJECT_DIR}/${INFOPLIST_FILE}\"";
		};
/* End PBXShellScriptBuildPhase section */

/* Begin PBXSourcesBuildPhase section */
		2FCCEE9D1C94ED4900532E24 /* Sources */ = {
			isa = PBXSourcesBuildPhase;
			buildActionMask = 2147483647;
			files = (
				2FD62EF91C9E059D00EB7D1E /* EACCircleAnimator.swift in Sources */,
				2FD62EF71C9E054100EB7D1E /* EACContextTransitioning.swift in Sources */,
				2FD62EE71C9DF0A800EB7D1E /* EACCommon.swift in Sources */,
				2FD62EEF1C9DF7BA00EB7D1E /* EACSetAlarmViewController.swift in Sources */,
				2FD62EF51C9E050000EB7D1E /* EACCircleAnimatorManager.swift in Sources */,
				2FD62EED1C9DF78600EB7D1E /* EACStartAlarmViewController.swift in Sources */,
				2FD62EFD1C9E064800EB7D1E /* EACPostFacebookViewController.swift in Sources */,
				2FCCEEA71C94ED4900532E24 /* ViewController.swift in Sources */,
				2FD62EEB1C9DF74A00EB7D1E /* EACLoginViewController.swift in Sources */,
				2FD62EE91C9DF6F100EB7D1E /* EACChildViewControllerDelegate.swift in Sources */,
				2FD62EFB1C9E05F400EB7D1E /* EACAudioManager.swift in Sources */,
				2FD62EF31C9E04A500EB7D1E /* EACAlarmManager.swift in Sources */,
				2FD62EF11C9E040500EB7D1E /* EACActiveAlarmViewController.swift in Sources */,
				2FCCEEA51C94ED4900532E24 /* AppDelegate.swift in Sources */,
			);
			runOnlyForDeploymentPostprocessing = 0;
		};
		2FCCEEB11C94ED4900532E24 /* Sources */ = {
			isa = PBXSourcesBuildPhase;
			buildActionMask = 2147483647;
			files = (
				2FCCEEBA1C94ED4900532E24 /* EmbarrassmentAlarmClockTests.swift in Sources */,
			);
			runOnlyForDeploymentPostprocessing = 0;
		};
/* End PBXSourcesBuildPhase section */

/* Begin PBXTargetDependency section */
		2FCCEEB71C94ED4900532E24 /* PBXTargetDependency */ = {
			isa = PBXTargetDependency;
			target = 2FCCEEA01C94ED4900532E24 /* WTFU */;
			targetProxy = 2FCCEEB61C94ED4900532E24 /* PBXContainerItemProxy */;
		};
/* End PBXTargetDependency section */

/* Begin PBXVariantGroup section */
		2FCCEEA81C94ED4900532E24 /* Main.storyboard */ = {
			isa = PBXVariantGroup;
			children = (
				2FCCEEA91C94ED4900532E24 /* Base */,
			);
			name = Main.storyboard;
			sourceTree = "<group>";
		};
		2FCCEEAD1C94ED4900532E24 /* LaunchScreen.storyboard */ = {
			isa = PBXVariantGroup;
			children = (
				2FCCEEAE1C94ED4900532E24 /* Base */,
			);
			name = LaunchScreen.storyboard;
			sourceTree = "<group>";
		};
/* End PBXVariantGroup section */

/* Begin XCBuildConfiguration section */
		2FCCEEBC1C94ED4900532E24 /* Debug */ = {
			isa = XCBuildConfiguration;
			buildSettings = {
				ALWAYS_SEARCH_USER_PATHS = NO;
				CLANG_CXX_LANGUAGE_STANDARD = "gnu++0x";
				CLANG_CXX_LIBRARY = "libc++";
				CLANG_ENABLE_MODULES = YES;
				CLANG_ENABLE_OBJC_ARC = YES;
				CLANG_WARN_BOOL_CONVERSION = YES;
				CLANG_WARN_CONSTANT_CONVERSION = YES;
				CLANG_WARN_DIRECT_OBJC_ISA_USAGE = YES_ERROR;
				CLANG_WARN_EMPTY_BODY = YES;
				CLANG_WARN_ENUM_CONVERSION = YES;
				CLANG_WARN_INT_CONVERSION = YES;
				CLANG_WARN_OBJC_ROOT_CLASS = YES_ERROR;
				CLANG_WARN_UNREACHABLE_CODE = YES;
				CLANG_WARN__DUPLICATE_METHOD_MATCH = YES;
				"CODE_SIGN_IDENTITY[sdk=iphoneos*]" = "iPhone Developer";
				COPY_PHASE_STRIP = NO;
				DEBUG_INFORMATION_FORMAT = dwarf;
				ENABLE_STRICT_OBJC_MSGSEND = YES;
				ENABLE_TESTABILITY = YES;
				GCC_C_LANGUAGE_STANDARD = gnu99;
				GCC_DYNAMIC_NO_PIC = NO;
				GCC_NO_COMMON_BLOCKS = YES;
				GCC_OPTIMIZATION_LEVEL = 0;
				GCC_PREPROCESSOR_DEFINITIONS = (
					"DEBUG=1",
					"$(inherited)",
				);
				GCC_WARN_64_TO_32_BIT_CONVERSION = YES;
				GCC_WARN_ABOUT_RETURN_TYPE = YES_ERROR;
				GCC_WARN_UNDECLARED_SELECTOR = YES;
				GCC_WARN_UNINITIALIZED_AUTOS = YES_AGGRESSIVE;
				GCC_WARN_UNUSED_FUNCTION = YES;
				GCC_WARN_UNUSED_VARIABLE = YES;
				IPHONEOS_DEPLOYMENT_TARGET = 9.2;
				MTL_ENABLE_DEBUG_INFO = YES;
				ONLY_ACTIVE_ARCH = YES;
				SDKROOT = iphoneos;
				SWIFT_OBJC_BRIDGING_HEADER = "EmbarrassmentAlarmClock/EmbarrassmentAlarmClock-Bridging-Header.h";
				SWIFT_OPTIMIZATION_LEVEL = "-Onone";
			};
			name = Debug;
		};
		2FCCEEBD1C94ED4900532E24 /* Release */ = {
			isa = XCBuildConfiguration;
			buildSettings = {
				ALWAYS_SEARCH_USER_PATHS = NO;
				CLANG_CXX_LANGUAGE_STANDARD = "gnu++0x";
				CLANG_CXX_LIBRARY = "libc++";
				CLANG_ENABLE_MODULES = YES;
				CLANG_ENABLE_OBJC_ARC = YES;
				CLANG_WARN_BOOL_CONVERSION = YES;
				CLANG_WARN_CONSTANT_CONVERSION = YES;
				CLANG_WARN_DIRECT_OBJC_ISA_USAGE = YES_ERROR;
				CLANG_WARN_EMPTY_BODY = YES;
				CLANG_WARN_ENUM_CONVERSION = YES;
				CLANG_WARN_INT_CONVERSION = YES;
				CLANG_WARN_OBJC_ROOT_CLASS = YES_ERROR;
				CLANG_WARN_UNREACHABLE_CODE = YES;
				CLANG_WARN__DUPLICATE_METHOD_MATCH = YES;
				"CODE_SIGN_IDENTITY[sdk=iphoneos*]" = "iPhone Developer";
				COPY_PHASE_STRIP = NO;
				DEBUG_INFORMATION_FORMAT = "dwarf-with-dsym";
				ENABLE_NS_ASSERTIONS = NO;
				ENABLE_STRICT_OBJC_MSGSEND = YES;
				GCC_C_LANGUAGE_STANDARD = gnu99;
				GCC_NO_COMMON_BLOCKS = YES;
				GCC_WARN_64_TO_32_BIT_CONVERSION = YES;
				GCC_WARN_ABOUT_RETURN_TYPE = YES_ERROR;
				GCC_WARN_UNDECLARED_SELECTOR = YES;
				GCC_WARN_UNINITIALIZED_AUTOS = YES_AGGRESSIVE;
				GCC_WARN_UNUSED_FUNCTION = YES;
				GCC_WARN_UNUSED_VARIABLE = YES;
				IPHONEOS_DEPLOYMENT_TARGET = 9.2;
				MTL_ENABLE_DEBUG_INFO = NO;
				SDKROOT = iphoneos;
				SWIFT_OBJC_BRIDGING_HEADER = "EmbarrassmentAlarmClock/EmbarrassmentAlarmClock-Bridging-Header.h";
				VALIDATE_PRODUCT = YES;
			};
			name = Release;
		};
		2FCCEEBF1C94ED4900532E24 /* Debug */ = {
			isa = XCBuildConfiguration;
			buildSettings = {
				ASSETCATALOG_COMPILER_APPICON_NAME = AppIcon;
				FRAMEWORK_SEARCH_PATHS = "~/Documents/FacebookSDK";
				INFOPLIST_FILE = EmbarrassmentAlarmClock/Info.plist;
				LD_RUNPATH_SEARCH_PATHS = "$(inherited) @executable_path/Frameworks";
				PRODUCT_BUNDLE_IDENTIFIER = com.dnthome.EmbarrassmentAlarmClock;
				PRODUCT_NAME = "$(TARGET_NAME)";
			};
			name = Debug;
		};
		2FCCEEC01C94ED4900532E24 /* Release */ = {
			isa = XCBuildConfiguration;
			buildSettings = {
				ASSETCATALOG_COMPILER_APPICON_NAME = AppIcon;
				FRAMEWORK_SEARCH_PATHS = "~/Documents/FacebookSDK";
				INFOPLIST_FILE = EmbarrassmentAlarmClock/Info.plist;
				LD_RUNPATH_SEARCH_PATHS = "$(inherited) @executable_path/Frameworks";
				PRODUCT_BUNDLE_IDENTIFIER = com.dnthome.EmbarrassmentAlarmClock;
				PRODUCT_NAME = "$(TARGET_NAME)";
			};
			name = Release;
		};
		2FCCEEC21C94ED4900532E24 /* Debug */ = {
			isa = XCBuildConfiguration;
			buildSettings = {
				BUNDLE_LOADER = "$(TEST_HOST)";
				INFOPLIST_FILE = EmbarrassmentAlarmClockTests/Info.plist;
				LD_RUNPATH_SEARCH_PATHS = "$(inherited) @executable_path/Frameworks @loader_path/Frameworks";
				PRODUCT_BUNDLE_IDENTIFIER = com.dnthome.EmbarrassmentAlarmClockTests;
				PRODUCT_NAME = "$(TARGET_NAME)";
				TEST_HOST = "$(BUILT_PRODUCTS_DIR)/EmbarrassmentAlarmClock.app/EmbarrassmentAlarmClock";
			};
			name = Debug;
		};
		2FCCEEC31C94ED4900532E24 /* Release */ = {
			isa = XCBuildConfiguration;
			buildSettings = {
				BUNDLE_LOADER = "$(TEST_HOST)";
				INFOPLIST_FILE = EmbarrassmentAlarmClockTests/Info.plist;
				LD_RUNPATH_SEARCH_PATHS = "$(inherited) @executable_path/Frameworks @loader_path/Frameworks";
				PRODUCT_BUNDLE_IDENTIFIER = com.dnthome.EmbarrassmentAlarmClockTests;
				PRODUCT_NAME = "$(TARGET_NAME)";
				TEST_HOST = "$(BUILT_PRODUCTS_DIR)/EmbarrassmentAlarmClock.app/EmbarrassmentAlarmClock";
			};
			name = Release;
		};
/* End XCBuildConfiguration section */

/* Begin XCConfigurationList section */
		2FCCEE9C1C94ED4900532E24 /* Build configuration list for PBXProject "EmbarrassmentAlarmClock" */ = {
			isa = XCConfigurationList;
			buildConfigurations = (
				2FCCEEBC1C94ED4900532E24 /* Debug */,
				2FCCEEBD1C94ED4900532E24 /* Release */,
			);
			defaultConfigurationIsVisible = 0;
			defaultConfigurationName = Release;
		};
		2FCCEEBE1C94ED4900532E24 /* Build configuration list for PBXNativeTarget "WTFU" */ = {
			isa = XCConfigurationList;
			buildConfigurations = (
				2FCCEEBF1C94ED4900532E24 /* Debug */,
				2FCCEEC01C94ED4900532E24 /* Release */,
			);
			defaultConfigurationIsVisible = 0;
			defaultConfigurationName = Release;
		};
		2FCCEEC11C94ED4900532E24 /* Build configuration list for PBXNativeTarget "EmbarrassmentAlarmClockTests" */ = {
			isa = XCConfigurationList;
			buildConfigurations = (
				2FCCEEC21C94ED4900532E24 /* Debug */,
				2FCCEEC31C94ED4900532E24 /* Release */,
			);
			defaultConfigurationIsVisible = 0;
			defaultConfigurationName = Release;
		};
/* End XCConfigurationList section */
	};
	rootObject = 2FCCEE991C94ED4900532E24 /* Project object */;
}
